
Microsoft Visual Studio Solution File, Format Version 12.00
# Visual Studio Version 16
VisualStudioVersion = 16.0.30907.101
MinimumVisualStudioVersion = 10.0.40219.1
Project("{FAE04EC0-301F-11D3-BF4B-00C04F79EFBC}") = "AppEFcore", "AppEFcore\AppEFcore.csproj", "{0680F223-0650-4633-9859-979F8F3287F3}"
EndProject
Global
	GlobalSection(SolutionConfigurationPlatforms) = preSolution
		Debug|Any CPU = Debug|Any CPU
		Release|Any CPU = Release|Any CPU
	EndGlobalSection
	GlobalSection(ProjectConfigurationPlatforms) = postSolution
		{0680F223-0650-4633-9859-979F8F3287F3}.Debug|Any CPU.ActiveCfg = Debug|Any CPU
		{0680F223-0650-4633-9859-979F8F3287F3}.Debug|Any CPU.Build.0 = Debug|Any CPU
		{0680F223-0650-4633-9859-979F8F3287F3}.Release|Any CPU.ActiveCfg = Release|Any CPU
		{0680F223-0650-4633-9859-979F8F3287F3}.Release|Any CPU.Build.0 = Release|Any CPU
	EndGlobalSection
	GlobalSection(SolutionProperties) = preSolution
		HideSolutionNode = FALSE
	EndGlobalSection
	GlobalSection(ExtensibilityGlobals) = postSolution
		SolutionGuid = {FF5DCB73-B8C1-4301-8DCB-63FD1CA173F7}
	EndGlobalSection
EndGlobal
